
Microsoft Visual Studio Solution File, Format Version 12.00
# Visual Studio Version 17
VisualStudioVersion = 17.3.32929.385
MinimumVisualStudioVersion = 10.0.40219.1
Project("{FAE04EC0-301F-11D3-BF4B-00C04F79EFBC}") = "son", "son\son.csproj", "{5EBD504B-52D1-4EFD-8A88-88FA6FFA85E3}"
EndProject
Project("{2150E333-8FDC-42A3-9474-1A3956D46DE8}") = "Solution Items", "Solution Items", "{233CD99C-1F2A-4E16-864C-619F7F22B4D8}"
	ProjectSection(SolutionItems) = preProject
		.editorconfig = .editorconfig
	EndProjectSection
EndProject
Global
	GlobalSection(SolutionConfigurationPlatforms) = preSolution
		Debug|Any CPU = Debug|Any CPU
		Release|Any CPU = Release|Any CPU
	EndGlobalSection
	GlobalSection(ProjectConfigurationPlatforms) = postSolution
		{5EBD504B-52D1-4EFD-8A88-88FA6FFA85E3}.Debug|Any CPU.ActiveCfg = Debug|Any CPU
		{5EBD504B-52D1-4EFD-8A88-88FA6FFA85E3}.Debug|Any CPU.Build.0 = Debug|Any CPU
		{5EBD504B-52D1-4EFD-8A88-88FA6FFA85E3}.Release|Any CPU.ActiveCfg = Release|Any CPU
		{5EBD504B-52D1-4EFD-8A88-88FA6FFA85E3}.Release|Any CPU.Build.0 = Release|Any CPU
	EndGlobalSection
	GlobalSection(SolutionProperties) = preSolution
		HideSolutionNode = FALSE
	EndGlobalSection
	GlobalSection(ExtensibilityGlobals) = postSolution
		SolutionGuid = {BA783389-6F2A-4D20-AE63-3ED54C350703}
	EndGlobalSection
EndGlobal
